
Microsoft Visual Studio Solution File, Format Version 12.00
# Visual Studio Version 17
VisualStudioVersion = 17.3.32929.385
MinimumVisualStudioVersion = 10.0.40219.1
Project("{FAE04EC0-301F-11D3-BF4B-00C04F79EFBC}") = "FoodDeliveryAutomation", "FoodDeliveryAutomation\FoodDeliveryAutomation.csproj", "{A25DD4EF-2493-4396-B465-189999F1F09E}"
EndProject
Global
	GlobalSection(SolutionConfigurationPlatforms) = preSolution
		Debug|Any CPU = Debug|Any CPU
		Release|Any CPU = Release|Any CPU
	EndGlobalSection
	GlobalSection(ProjectConfigurationPlatforms) = postSolution
		{A25DD4EF-2493-4396-B465-189999F1F09E}.Debug|Any CPU.ActiveCfg = Debug|Any CPU
		{A25DD4EF-2493-4396-B465-189999F1F09E}.Debug|Any CPU.Build.0 = Debug|Any CPU
		{A25DD4EF-2493-4396-B465-189999F1F09E}.Release|Any CPU.ActiveCfg = Release|Any CPU
		{A25DD4EF-2493-4396-B465-189999F1F09E}.Release|Any CPU.Build.0 = Release|Any CPU
	EndGlobalSection
	GlobalSection(SolutionProperties) = preSolution
		HideSolutionNode = FALSE
	EndGlobalSection
	GlobalSection(ExtensibilityGlobals) = postSolution
		SolutionGuid = {4680E85B-DE6E-4793-B074-1471CD823129}
	EndGlobalSection
EndGlobal
